// !$*UTF8*$!
{
	archiveVersion = 1;
	classes = {
	};
	objectVersion = 50;
	objects = {

/* Begin PBXBuildFile section */
		2C8E15BA20E170C000642BF8 /* AppDelegate.swift in Sources */ = {isa = PBXBuildFile; fileRef = 2C8E15B920E170C000642BF8 /* AppDelegate.swift */; };
		2C8E15BC20E170C000642BF8 /* WelcomeVC.swift in Sources */ = {isa = PBXBuildFile; fileRef = 2C8E15BB20E170C000642BF8 /* WelcomeVC.swift */; };
		2C8E15BF20E170C000642BF8 /* Main.storyboard in Resources */ = {isa = PBXBuildFile; fileRef = 2C8E15BD20E170C000642BF8 /* Main.storyboard */; };
		2C8E15C120E170C100642BF8 /* Assets.xcassets in Resources */ = {isa = PBXBuildFile; fileRef = 2C8E15C020E170C100642BF8 /* Assets.xcassets */; };
		2C8E15C420E170C100642BF8 /* LaunchScreen.storyboard in Resources */ = {isa = PBXBuildFile; fileRef = 2C8E15C220E170C100642BF8 /* LaunchScreen.storyboard */; };
		2CC4DCEF20E1748300E360AD /* BorderButton.swift in Sources */ = {isa = PBXBuildFile; fileRef = 2CC4DCEE20E1748300E360AD /* BorderButton.swift */; };
		B7E95EC820E9949C00D2995F /* LeagueVC.swift in Sources */ = {isa = PBXBuildFile; fileRef = B7E95EC720E9949C00D2995F /* LeagueVC.swift */; };
		B7E95ECA20E994B000D2995F /* SkillVC.swift in Sources */ = {isa = PBXBuildFile; fileRef = B7E95EC920E994B000D2995F /* SkillVC.swift */; };
/* End PBXBuildFile section */

/* Begin PBXFileReference section */
		2C8E15B620E170C000642BF8 /* app-swoosh.app */ = {isa = PBXFileReference; explicitFileType = wrapper.application; includeInIndex = 0; path = "app-swoosh.app"; sourceTree = BUILT_PRODUCTS_DIR; };
		2C8E15B920E170C000642BF8 /* AppDelegate.swift */ = {isa = PBXFileReference; lastKnownFileType = sourcecode.swift; path = AppDelegate.swift; sourceTree = "<group>"; };
		2C8E15BB20E170C000642BF8 /* WelcomeVC.swift */ = {isa = PBXFileReference; lastKnownFileType = sourcecode.swift; path = WelcomeVC.swift; sourceTree = "<group>"; };
		2C8E15BE20E170C000642BF8 /* Base */ = {isa = PBXFileReference; lastKnownFileType = file.storyboard; name = Base; path = Base.lproj/Main.storyboard; sourceTree = "<group>"; };
		2C8E15C020E170C100642BF8 /* Assets.xcassets */ = {isa = PBXFileReference; lastKnownFileType = folder.assetcatalog; path = Assets.xcassets; sourceTree = "<group>"; };
		2C8E15C320E170C100642BF8 /* Base */ = {isa = PBXFileReference; lastKnownFileType = file.storyboard; name = Base; path = Base.lproj/LaunchScreen.storyboard; sourceTree = "<group>"; };
		2C8E15C520E170C100642BF8 /* Info.plist */ = {isa = PBXFileReference; lastKnownFileType = text.plist.xml; path = Info.plist; sourceTree = "<group>"; };
		2CC4DCEE20E1748300E360AD /* BorderButton.swift */ = {isa = PBXFileReference; lastKnownFileType = sourcecode.swift; path = BorderButton.swift; sourceTree = "<group>"; };
		B7E95EC720E9949C00D2995F /* LeagueVC.swift */ = {isa = PBXFileReference; lastKnownFileType = sourcecode.swift; path = LeagueVC.swift; sourceTree = "<group>"; };
		B7E95EC920E994B000D2995F /* SkillVC.swift */ = {isa = PBXFileReference; lastKnownFileType = sourcecode.swift; path = SkillVC.swift; sourceTree = "<group>"; };
/* End PBXFileReference section */

/* Begin PBXFrameworksBuildPhase section */
		2C8E15B320E170C000642BF8 /* Frameworks */ = {
			isa = PBXFrameworksBuildPhase;
			buildActionMask = 2147483647;
			files = (
			);
			runOnlyForDeploymentPostprocessing = 0;
		};
/* End PBXFrameworksBuildPhase section */

/* Begin PBXGroup section */
		2C8E15AD20E170C000642BF8 = {
			isa = PBXGroup;
			children = (
				2C8E15B820E170C000642BF8 /* app-swoosh */,
				2C8E15B720E170C000642BF8 /* Products */,
			);
			sourceTree = "<group>";
		};
		2C8E15B720E170C000642BF8 /* Products */ = {
			isa = PBXGroup;
			children = (
				2C8E15B620E170C000642BF8 /* app-swoosh.app */,
			);
			name = Products;
			sourceTree = "<group>";
		};
		2C8E15B820E170C000642BF8 /* app-swoosh */ = {
			isa = PBXGroup;
			children = (
				B7E95EC620E9940200D2995F /* Model */,
				B7E95EC520E993FA00D2995F /* Controller */,
				2CC4DCED20E1742600E360AD /* View */,
				2C8E15B920E170C000642BF8 /* AppDelegate.swift */,
				2C8E15BD20E170C000642BF8 /* Main.storyboard */,
				2C8E15C020E170C100642BF8 /* Assets.xcassets */,
				2C8E15C220E170C100642BF8 /* LaunchScreen.storyboard */,
				2C8E15C520E170C100642BF8 /* Info.plist */,
			);
			path = "app-swoosh";
			sourceTree = "<group>";
		};
		2CC4DCED20E1742600E360AD /* View */ = {
			isa = PBXGroup;
			children = (
				2CC4DCEE20E1748300E360AD /* BorderButton.swift */,
			);
			path = View;
			sourceTree = "<group>";
		};
		B7E95EC520E993FA00D2995F /* Controller */ = {
			isa = PBXGroup;
			children = (
				2C8E15BB20E170C000642BF8 /* WelcomeVC.swift */,
				B7E95EC720E9949C00D2995F /* LeagueVC.swift */,
				B7E95EC920E994B000D2995F /* SkillVC.swift */,
			);
			path = Controller;
			sourceTree = "<group>";
		};
		B7E95EC620E9940200D2995F /* Model */ = {
			isa = PBXGroup;
			children = (
			);
			path = Model;
			sourceTree = "<group>";
		};
/* End PBXGroup section */

/* Begin PBXNativeTarget section */
		2C8E15B520E170C000642BF8 /* app-swoosh */ = {
			isa = PBXNativeTarget;
			buildConfigurationList = 2C8E15C820E170C100642BF8 /* Build configuration list for PBXNativeTarget "app-swoosh" */;
			buildPhases = (
				2C8E15B220E170C000642BF8 /* Sources */,
				2C8E15B320E170C000642BF8 /* Frameworks */,
				2C8E15B420E170C000642BF8 /* Resources */,
			);
			buildRules = (
			);
			dependencies = (
			);
			name = "app-swoosh";
			productName = "app-swoosh";
			productReference = 2C8E15B620E170C000642BF8 /* app-swoosh.app */;
			productType = "com.apple.product-type.application";
		};
/* End PBXNativeTarget section */

/* Begin PBXProject section */
		2C8E15AE20E170C000642BF8 /* Project object */ = {
			isa = PBXProject;
			attributes = {
				LastSwiftUpdateCheck = 0940;
				LastUpgradeCheck = 0940;
				ORGANIZATIONNAME = "soy-raul";
				TargetAttributes = {
					2C8E15B520E170C000642BF8 = {
						CreatedOnToolsVersion = 9.4.1;
					};
				};
			};
			buildConfigurationList = 2C8E15B120E170C000642BF8 /* Build configuration list for PBXProject "app-swoosh" */;
			compatibilityVersion = "Xcode 9.3";
			developmentRegion = en;
			hasScannedForEncodings = 0;
			knownRegions = (
				en,
				Base,
			);
			mainGroup = 2C8E15AD20E170C000642BF8;
			productRefGroup = 2C8E15B720E170C000642BF8 /* Products */;
			projectDirPath = "";
			projectRoot = "";
			targets = (
				2C8E15B520E170C000642BF8 /* app-swoosh */,
			);
		};
/* End PBXProject section */

/* Begin PBXResourcesBuildPhase section */
		2C8E15B420E170C000642BF8 /* Resources */ = {
			isa = PBXResourcesBuildPhase;
			buildActionMask = 2147483647;
			files = (
				2C8E15C420E170C100642BF8 /* LaunchScreen.storyboard in Resources */,
				2C8E15C120E170C100642BF8 /* Assets.xcassets in Resources */,
				2C8E15BF20E170C000642BF8 /* Main.storyboard in Resources */,
			);
			runOnlyForDeploymentPostprocessing = 0;
		};
/* End PBXResourcesBuildPhase section */

/* Begin PBXSourcesBuildPhase section */
		2C8E15B220E170C000642BF8 /* Sources */ = {
			isa = PBXSourcesBuildPhase;
			buildActionMask = 2147483647;
			files = (
				2C8E15BC20E170C000642BF8 /* WelcomeVC.swift in Sources */,
				B7E95EC820E9949C00D2995F /* LeagueVC.swift in Sources */,
				2C8E15BA20E170C000642BF8 /* AppDelegate.swift in Sources */,
				B7E95ECA20E994B000D2995F /* SkillVC.swift in Sources */,
				2CC4DCEF20E1748300E360AD /* BorderButton.swift in Sources */,
			);
			runOnlyForDeploymentPostprocessing = 0;
		};
/* End PBXSourcesBuildPhase section */

/* Begin PBXVariantGroup section */
		2C8E15BD20E170C000642BF8 /* Main.storyboard */ = {
			isa = PBXVariantGroup;
			children = (
				2C8E15BE20E170C000642BF8 /* Base */,
			);
			name = Main.storyboard;
			sourceTree = "<group>";
		};
		2C8E15C220E170C100642BF8 /* LaunchScreen.storyboard */ = {
			isa = PBXVariantGroup;
			children = (
				2C8E15C320E170C100642BF8 /* Base */,
			);
			name = LaunchScreen.storyboard;
			sourceTree = "<group>";
		};
/* End PBXVariantGroup section */

/* Begin XCBuildConfiguration section */
		2C8E15C620E170C100642BF8 /* Debug */ = {
			isa = XCBuildConfiguration;
			buildSettings = {
				ALWAYS_SEARCH_USER_PATHS = NO;
				CLANG_ANALYZER_NONNULL = YES;
				CLANG_ANALYZER_NUMBER_OBJECT_CONVERSION = YES_AGGRESSIVE;
				CLANG_CXX_LANGUAGE_STANDARD = "gnu++14";
				CLANG_CXX_LIBRARY = "libc++";
				CLANG_ENABLE_MODULES = YES;
				CLANG_ENABLE_OBJC_ARC = YES;
				CLANG_ENABLE_OBJC_WEAK = YES;
				CLANG_WARN_BLOCK_CAPTURE_AUTORELEASING = YES;
				CLANG_WARN_BOOL_CONVERSION = YES;
				CLANG_WARN_COMMA = YES;
				CLANG_WARN_CONSTANT_CONVERSION = YES;
				CLANG_WARN_DEPRECATED_OBJC_IMPLEMENTATIONS = YES;
				CLANG_WARN_DIRECT_OBJC_ISA_USAGE = YES_ERROR;
				CLANG_WARN_DOCUMENTATION_COMMENTS = YES;
				CLANG_WARN_EMPTY_BODY = YES;
				CLANG_WARN_ENUM_CONVERSION = YES;
				CLANG_WARN_INFINITE_RECURSION = YES;
				CLANG_WARN_INT_CONVERSION = YES;
				CLANG_WARN_NON_LITERAL_NULL_CONVERSION = YES;
				CLANG_WARN_OBJC_IMPLICIT_RETAIN_SELF = YES;
				CLANG_WARN_OBJC_LITERAL_CONVERSION = YES;
				CLANG_WARN_OBJC_ROOT_CLASS = YES_ERROR;
				CLANG_WARN_RANGE_LOOP_ANALYSIS = YES;
				CLANG_WARN_STRICT_PROTOTYPES = YES;
				CLANG_WARN_SUSPICIOUS_MOVE = YES;
				CLANG_WARN_UNGUARDED_AVAILABILITY = YES_AGGRESSIVE;
				CLANG_WARN_UNREACHABLE_CODE = YES;
				CLANG_WARN__DUPLICATE_METHOD_MATCH = YES;
				CODE_SIGN_IDENTITY = "iPhone Developer";
				COPY_PHASE_STRIP = NO;
				DEBUG_INFORMATION_FORMAT = dwarf;
				ENABLE_STRICT_OBJC_MSGSEND = YES;
				ENABLE_TESTABILITY = YES;
				GCC_C_LANGUAGE_STANDARD = gnu11;
				GCC_DYNAMIC_NO_PIC = NO;
				GCC_NO_COMMON_BLOCKS = YES;
				GCC_OPTIMIZATION_LEVEL = 0;
				GCC_PREPROCESSOR_DEFINITIONS = (
					"DEBUG=1",
					"$(inherited)",
				);
				GCC_WARN_64_TO_32_BIT_CONVERSION = YES;
				GCC_WARN_ABOUT_RETURN_TYPE = YES_ERROR;
				GCC_WARN_UNDECLARED_SELECTOR = YES;
				GCC_WARN_UNINITIALIZED_AUTOS = YES_AGGRESSIVE;
				GCC_WARN_UNUSED_FUNCTION = YES;
				GCC_WARN_UNUSED_VARIABLE = YES;
				IPHONEOS_DEPLOYMENT_TARGET = 11.4;
				MTL_ENABLE_DEBUG_INFO = YES;
				ONLY_ACTIVE_ARCH = YES;
				SDKROOT = iphoneos;
				SWIFT_ACTIVE_COMPILATION_CONDITIONS = DEBUG;
				SWIFT_OPTIMIZATION_LEVEL = "-Onone";
			};
			name = Debug;
		};
		2C8E15C720E170C100642BF8 /* Release */ = {
			isa = XCBuildConfiguration;
			buildSettings = {
				ALWAYS_SEARCH_USER_PATHS = NO;
				CLANG_ANALYZER_NONNULL = YES;
				CLANG_ANALYZER_NUMBER_OBJECT_CONVERSION = YES_AGGRESSIVE;
				CLANG_CXX_LANGUAGE_STANDARD = "gnu++14";
				CLANG_CXX_LIBRARY = "libc++";
				CLANG_ENABLE_MODULES = YES;
				CLANG_ENABLE_OBJC_ARC = YES;
				CLANG_ENABLE_OBJC_WEAK = YES;
				CLANG_WARN_BLOCK_CAPTURE_AUTORELEASING = YES;
				CLANG_WARN_BOOL_CONVERSION = YES;
				CLANG_WARN_COMMA = YES;
				CLANG_WARN_CONSTANT_CONVERSION = YES;
				CLANG_WARN_DEPRECATED_OBJC_IMPLEMENTATIONS = YES;
				CLANG_WARN_DIRECT_OBJC_ISA_USAGE = YES_ERROR;
				CLANG_WARN_DOCUMENTATION_COMMENTS = YES;
				CLANG_WARN_EMPTY_BODY = YES;
				CLANG_WARN_ENUM_CONVERSION = YES;
				CLANG_WARN_INFINITE_RECURSION = YES;
				CLANG_WARN_INT_CONVERSION = YES;
				CLANG_WARN_NON_LITERAL_NULL_CONVERSION = YES;
				CLANG_WARN_OBJC_IMPLICIT_RETAIN_SELF = YES;
				CLANG_WARN_OBJC_LITERAL_CONVERSION = YES;
				CLANG_WARN_OBJC_ROOT_CLASS = YES_ERROR;
				CLANG_WARN_RANGE_LOOP_ANALYSIS = YES;
				CLANG_WARN_STRICT_PROTOTYPES = YES;
				CLANG_WARN_SUSPICIOUS_MOVE = YES;
				CLANG_WARN_UNGUARDED_AVAILABILITY = YES_AGGRESSIVE;
				CLANG_WARN_UNREACHABLE_CODE = YES;
				CLANG_WARN__DUPLICATE_METHOD_MATCH = YES;
				CODE_SIGN_IDENTITY = "iPhone Developer";
				COPY_PHASE_STRIP = NO;
				DEBUG_INFORMATION_FORMAT = "dwarf-with-dsym";
				ENABLE_NS_ASSERTIONS = NO;
				ENABLE_STRICT_OBJC_MSGSEND = YES;
				GCC_C_LANGUAGE_STANDARD = gnu11;
				GCC_NO_COMMON_BLOCKS = YES;
				GCC_WARN_64_TO_32_BIT_CONVERSION = YES;
				GCC_WARN_ABOUT_RETURN_TYPE = YES_ERROR;
				GCC_WARN_UNDECLARED_SELECTOR = YES;
				GCC_WARN_UNINITIALIZED_AUTOS = YES_AGGRESSIVE;
				GCC_WARN_UNUSED_FUNCTION = YES;
				GCC_WARN_UNUSED_VARIABLE = YES;
				IPHONEOS_DEPLOYMENT_TARGET = 11.4;
				MTL_ENABLE_DEBUG_INFO = NO;
				SDKROOT = iphoneos;
				SWIFT_COMPILATION_MODE = wholemodule;
				SWIFT_OPTIMIZATION_LEVEL = "-O";
				VALIDATE_PRODUCT = YES;
			};
			name = Release;
		};
		2C8E15C920E170C100642BF8 /* Debug */ = {
			isa = XCBuildConfiguration;
			buildSettings = {
				ASSETCATALOG_COMPILER_APPICON_NAME = AppIcon;
				CODE_SIGN_STYLE = Automatic;
				DEVELOPMENT_TEAM = 62M53E3U8B;
				INFOPLIST_FILE = "app-swoosh/Info.plist";
				LD_RUNPATH_SEARCH_PATHS = (
					"$(inherited)",
					"@executable_path/Frameworks",
				);
				PRODUCT_BUNDLE_IDENTIFIER = "com.soy-raul.app-swoosh";
				PRODUCT_NAME = "$(TARGET_NAME)";
				SWIFT_VERSION = 4.0;
				TARGETED_DEVICE_FAMILY = "1,2";
			};
			name = Debug;
		};
		2C8E15CA20E170C100642BF8 /* Release */ = {
			isa = XCBuildConfiguration;
			buildSettings = {
				ASSETCATALOG_COMPILER_APPICON_NAME = AppIcon;
				CODE_SIGN_STYLE = Automatic;
				DEVELOPMENT_TEAM = 62M53E3U8B;
				INFOPLIST_FILE = "app-swoosh/Info.plist";
				LD_RUNPATH_SEARCH_PATHS = (
					"$(inherited)",
					"@executable_path/Frameworks",
				);
				PRODUCT_BUNDLE_IDENTIFIER = "com.soy-raul.app-swoosh";
				PRODUCT_NAME = "$(TARGET_NAME)";
				SWIFT_VERSION = 4.0;
				TARGETED_DEVICE_FAMILY = "1,2";
			};
			name = Release;
		};
/* End XCBuildConfiguration section */

/* Begin XCConfigurationList section */
		2C8E15B120E170C000642BF8 /* Build configuration list for PBXProject "app-swoosh" */ = {
			isa = XCConfigurationList;
			buildConfigurations = (
				2C8E15C620E170C100642BF8 /* Debug */,
				2C8E15C720E170C100642BF8 /* Release */,
			);
			defaultConfigurationIsVisible = 0;
			defaultConfigurationName = Release;
		};
		2C8E15C820E170C100642BF8 /* Build configuration list for PBXNativeTarget "app-swoosh" */ = {
			isa = XCConfigurationList;
			buildConfigurations = (
				2C8E15C920E170C100642BF8 /* Debug */,
				2C8E15CA20E170C100642BF8 /* Release */,
			);
			defaultConfigurationIsVisible = 0;
			defaultConfigurationName = Release;
		};
/* End XCConfigurationList section */
	};
	rootObject = 2C8E15AE20E170C000642BF8 /* Project object */;
}
